Microsoft Visual Studio Solution File, Format Version 12.00
# Visual Studio Version 17
VisualStudioVersion = 17.5.2.0
MinimumVisualStudioVersion = 10.0.40219.1
Project("{FAE04EC0-301F-11D3-BF4B-00C04F79EFBC}") = "kvListener", "kvListener.csproj", "{4F1421BC-7804-4B22-EB75-93A7147FA900}"
EndProject
Project("{2150E333-8FDC-42A3-9474-1A3956D46DE8}") = "obj", "obj", "{CA285D67-BB6D-2923-29FD-B5A1C6B8EB24}"
EndProject
Project("{2150E333-8FDC-42A3-9474-1A3956D46DE8}") = "Release", "Release", "{DA95AA47-ED09-4F06-18B9-BFDCCE25247A}"
EndProject
Project("{2150E333-8FDC-42A3-9474-1A3956D46DE8}") = "net8.0", "net8.0", "{1B140624-E16F-F13B-7A84-8F7FBF682809}"
EndProject
Project("{FAE04EC0-301F-11D3-BF4B-00C04F79EFBC}") = "WorkerExtensions", "obj\Release\net8.0\WorkerExtensions\WorkerExtensions.csproj", "{DAFBCCB8-AC31-05E2-9D5D-35CB199D4F20}"
EndProject
Global
	GlobalSection(SolutionConfigurationPlatforms) = preSolution
		Debug|Any CPU = Debug|Any CPU
		Release|Any CPU = Release|Any CPU
	EndGlobalSection
	GlobalSection(ProjectConfigurationPlatforms) = postSolution
		{4F1421BC-7804-4B22-EB75-93A7147FA900}.Debug|Any CPU.ActiveCfg = Debug|Any CPU
		{4F1421BC-7804-4B22-EB75-93A7147FA900}.Debug|Any CPU.Build.0 = Debug|Any CPU
		{4F1421BC-7804-4B22-EB75-93A7147FA900}.Release|Any CPU.ActiveCfg = Release|Any CPU
		{4F1421BC-7804-4B22-EB75-93A7147FA900}.Release|Any CPU.Build.0 = Release|Any CPU
		{DAFBCCB8-AC31-05E2-9D5D-35CB199D4F20}.Debug|Any CPU.ActiveCfg = Debug|Any CPU
		{DAFBCCB8-AC31-05E2-9D5D-35CB199D4F20}.Debug|Any CPU.Build.0 = Debug|Any CPU
		{DAFBCCB8-AC31-05E2-9D5D-35CB199D4F20}.Release|Any CPU.ActiveCfg = Release|Any CPU
		{DAFBCCB8-AC31-05E2-9D5D-35CB199D4F20}.Release|Any CPU.Build.0 = Release|Any CPU
	EndGlobalSection
	GlobalSection(SolutionProperties) = preSolution
		HideSolutionNode = FALSE
	EndGlobalSection
	GlobalSection(NestedProjects) = preSolution
		{DA95AA47-ED09-4F06-18B9-BFDCCE25247A} = {CA285D67-BB6D-2923-29FD-B5A1C6B8EB24}
		{1B140624-E16F-F13B-7A84-8F7FBF682809} = {DA95AA47-ED09-4F06-18B9-BFDCCE25247A}
		{DAFBCCB8-AC31-05E2-9D5D-35CB199D4F20} = {1B140624-E16F-F13B-7A84-8F7FBF682809}
	EndGlobalSection
	GlobalSection(ExtensibilityGlobals) = postSolution
		SolutionGuid = {C46C905A-DD7A-4199-A8D3-A8C8F592003B}
	EndGlobalSection
EndGlobal
